
Microsoft Visual Studio Solution File, Format Version 12.00
# Visual Studio Version 17
VisualStudioVersion = 17.4.33213.308
MinimumVisualStudioVersion = 10.0.40219.1
Project("{9A19103F-16F7-4668-BE54-9A1E7A4F7556}") = "App", "App\App.csproj", "{437A619C-2AC8-4AD8-91BA-50B592D29094}"
EndProject
Project("{9A19103F-16F7-4668-BE54-9A1E7A4F7556}") = "Data", "Data\Data.csproj", "{EACE079B-E380-4B21-9B4C-F4BC46D35C60}"
EndProject
Project("{9A19103F-16F7-4668-BE54-9A1E7A4F7556}") = "Core", "Core\Core.csproj", "{FCE41CED-6949-4633-9CCA-26C2BD4345D3}"
EndProject
Global
	GlobalSection(SolutionConfigurationPlatforms) = preSolution
		Debug|Any CPU = Debug|Any CPU
		Release|Any CPU = Release|Any CPU
	EndGlobalSection
	GlobalSection(ProjectConfigurationPlatforms) = postSolution
		{437A619C-2AC8-4AD8-91BA-50B592D29094}.Debug|Any CPU.ActiveCfg = Debug|Any CPU
		{437A619C-2AC8-4AD8-91BA-50B592D29094}.Debug|Any CPU.Build.0 = Debug|Any CPU
		{437A619C-2AC8-4AD8-91BA-50B592D29094}.Release|Any CPU.ActiveCfg = Release|Any CPU
		{437A619C-2AC8-4AD8-91BA-50B592D29094}.Release|Any CPU.Build.0 = Release|Any CPU
		{EACE079B-E380-4B21-9B4C-F4BC46D35C60}.Debug|Any CPU.ActiveCfg = Debug|Any CPU
		{EACE079B-E380-4B21-9B4C-F4BC46D35C60}.Debug|Any CPU.Build.0 = Debug|Any CPU
		{EACE079B-E380-4B21-9B4C-F4BC46D35C60}.Release|Any CPU.ActiveCfg = Release|Any CPU
		{EACE079B-E380-4B21-9B4C-F4BC46D35C60}.Release|Any CPU.Build.0 = Release|Any CPU
		{FCE41CED-6949-4633-9CCA-26C2BD4345D3}.Debug|Any CPU.ActiveCfg = Debug|Any CPU
		{FCE41CED-6949-4633-9CCA-26C2BD4345D3}.Debug|Any CPU.Build.0 = Debug|Any CPU
		{FCE41CED-6949-4633-9CCA-26C2BD4345D3}.Release|Any CPU.ActiveCfg = Release|Any CPU
		{FCE41CED-6949-4633-9CCA-26C2BD4345D3}.Release|Any CPU.Build.0 = Release|Any CPU
	EndGlobalSection
	GlobalSection(SolutionProperties) = preSolution
		HideSolutionNode = FALSE
	EndGlobalSection
	GlobalSection(ExtensibilityGlobals) = postSolution
		SolutionGuid = {CD8FC3FF-AE2A-4568-9CA3-1B225FC2C490}
	EndGlobalSection
EndGlobal
